// !$*UTF8*$!
{
	archiveVersion = 1;
	classes = {
	};
	objectVersion = 56;
	objects = {

/* Begin PBXBuildFile section */
		6C1E2F522A06049200C28413 /* WidgetContainerView.swift in Sources */ = {isa = PBXBuildFile; fileRef = 6C1E2F512A06049200C28413 /* WidgetContainerView.swift */; };
		6C1E2F542A06D18F00C28413 /* SidebarView.swift in Sources */ = {isa = PBXBuildFile; fileRef = 6C1E2F532A06D18F00C28413 /* SidebarView.swift */; };
		6C1E2F572A06E23400C28413 /* VerticalCalendarView.swift in Sources */ = {isa = PBXBuildFile; fileRef = 6C1E2F562A06E23400C28413 /* VerticalCalendarView.swift */; };
		6C1E2F592A06E30800C28413 /* VerticalCalendarCellView.swift in Sources */ = {isa = PBXBuildFile; fileRef = 6C1E2F582A06E30800C28413 /* VerticalCalendarCellView.swift */; };
		6C1E2F5B2A080EB700C28413 /* AddTaskSheet.swift in Sources */ = {isa = PBXBuildFile; fileRef = 6C1E2F5A2A080EB700C28413 /* AddTaskSheet.swift */; };
		6C1E2F5D2A08102900C28413 /* FirstResponderTextField.swift in Sources */ = {isa = PBXBuildFile; fileRef = 6C1E2F5C2A08102900C28413 /* FirstResponderTextField.swift */; };
		6C322BCA29F9DF960022CE1E /* ninja5App.swift in Sources */ = {isa = PBXBuildFile; fileRef = 6C322BC929F9DF960022CE1E /* ninja5App.swift */; };
		6C322BCC29F9DF960022CE1E /* ContentView.swift in Sources */ = {isa = PBXBuildFile; fileRef = 6C322BCB29F9DF960022CE1E /* ContentView.swift */; };
		6C322BCE29F9DF980022CE1E /* Assets.xcassets in Resources */ = {isa = PBXBuildFile; fileRef = 6C322BCD29F9DF980022CE1E /* Assets.xcassets */; };
		6C322BD129F9DF980022CE1E /* Preview Assets.xcassets in Resources */ = {isa = PBXBuildFile; fileRef = 6C322BD029F9DF980022CE1E /* Preview Assets.xcassets */; };
		6C322BDE29F9E05B0022CE1E /* HomeView.swift in Sources */ = {isa = PBXBuildFile; fileRef = 6C322BDD29F9E05B0022CE1E /* HomeView.swift */; };
		6C322BE029F9E0810022CE1E /* DataModels.swift in Sources */ = {isa = PBXBuildFile; fileRef = 6C322BDF29F9E0810022CE1E /* DataModels.swift */; };
		6C322BE329F9E0990022CE1E /* NinjaModel.xcdatamodeld in Sources */ = {isa = PBXBuildFile; fileRef = 6C322BE129F9E0990022CE1E /* NinjaModel.xcdatamodeld */; };
		6C64E09B29FF866E00EA9262 /* CoreDataManager.swift in Sources */ = {isa = PBXBuildFile; fileRef = 6C64E09A29FF866E00EA9262 /* CoreDataManager.swift */; };
		6C64E09D29FF879000EA9262 /* DataManager.swift in Sources */ = {isa = PBXBuildFile; fileRef = 6C64E09C29FF879000EA9262 /* DataManager.swift */; };
		6C64E0A029FF8B4C00EA9262 /* CalendarHelper.swift in Sources */ = {isa = PBXBuildFile; fileRef = 6C64E09F29FF8B4C00EA9262 /* CalendarHelper.swift */; };
		6C64E0A229FF8B5D00EA9262 /* MonthCalendarView.swift in Sources */ = {isa = PBXBuildFile; fileRef = 6C64E0A129FF8B5D00EA9262 /* MonthCalendarView.swift */; };
		6C64E0A429FF8B8000EA9262 /* MonthCalendarCellView.swift in Sources */ = {isa = PBXBuildFile; fileRef = 6C64E0A329FF8B8000EA9262 /* MonthCalendarCellView.swift */; };
		6C64E0A629FF8BA200EA9262 /* MonthDateScrollerView.swift in Sources */ = {isa = PBXBuildFile; fileRef = 6C64E0A529FF8BA200EA9262 /* MonthDateScrollerView.swift */; };
		6C64E0AA29FF8C6600EA9262 /* WeekCalendarView.swift in Sources */ = {isa = PBXBuildFile; fileRef = 6C64E0A929FF8C6600EA9262 /* WeekCalendarView.swift */; };
		6C64E0AC29FF8C8E00EA9262 /* WeekCalendarCellView.swift in Sources */ = {isa = PBXBuildFile; fileRef = 6C64E0AB29FF8C8E00EA9262 /* WeekCalendarCellView.swift */; };
		6C64E0AE29FF8CA600EA9262 /* TaskCreationView.swift in Sources */ = {isa = PBXBuildFile; fileRef = 6C64E0AD29FF8CA600EA9262 /* TaskCreationView.swift */; };
		6C64E0B12A0229FB00EA9262 /* QRScanView.swift in Sources */ = {isa = PBXBuildFile; fileRef = 6C64E0B02A0229FB00EA9262 /* QRScanView.swift */; };
		6C64E0B32A022A8D00EA9262 /* QRScannerView.swift in Sources */ = {isa = PBXBuildFile; fileRef = 6C64E0B22A022A8D00EA9262 /* QRScannerView.swift */; };
		6C800BB82A035EC50010CA63 /* CanvasViewController.swift in Sources */ = {isa = PBXBuildFile; fileRef = 6C800BB72A035EC50010CA63 /* CanvasViewController.swift */; };
		6C800BBA2A035EE50010CA63 /* DrawingView.swift in Sources */ = {isa = PBXBuildFile; fileRef = 6C800BB92A035EE50010CA63 /* DrawingView.swift */; };
		6C800BBC2A035F000010CA63 /* CanvasViewControllerRepresentable.swift in Sources */ = {isa = PBXBuildFile; fileRef = 6C800BBB2A035F000010CA63 /* CanvasViewControllerRepresentable.swift */; };
		6C800BBE2A035F790010CA63 /* AllNotesView.swift in Sources */ = {isa = PBXBuildFile; fileRef = 6C800BBD2A035F790010CA63 /* AllNotesView.swift */; };
		6C800BC22A0364340010CA63 /* AddNoteSheet.swift in Sources */ = {isa = PBXBuildFile; fileRef = 6C800BC12A0364340010CA63 /* AddNoteSheet.swift */; };
		8C0F96172A06C38D0026E670 /* TaskRowView.swift in Sources */ = {isa = PBXBuildFile; fileRef = 8C0F96162A06C38D0026E670 /* TaskRowView.swift */; };
		8C0F96192A06C58F0026E670 /* TaskByDateView.swift in Sources */ = {isa = PBXBuildFile; fileRef = 8C0F96182A06C58F0026E670 /* TaskByDateView.swift */; };
		8C1127C32A08090B00137899 /* NoteRowView.swift in Sources */ = {isa = PBXBuildFile; fileRef = 8C1127C22A08090B00137899 /* NoteRowView.swift */; };
/* End PBXBuildFile section */

/* Begin PBXFileReference section */
		6C1E2F512A06049200C28413 /* WidgetContainerView.swift */ = {isa = PBXFileReference; lastKnownFileType = sourcecode.swift; path = WidgetContainerView.swift; sourceTree = "<group>"; };
		6C1E2F532A06D18F00C28413 /* SidebarView.swift */ = {isa = PBXFileReference; lastKnownFileType = sourcecode.swift; path = SidebarView.swift; sourceTree = "<group>"; };
		6C1E2F562A06E23400C28413 /* VerticalCalendarView.swift */ = {isa = PBXFileReference; lastKnownFileType = sourcecode.swift; path = VerticalCalendarView.swift; sourceTree = "<group>"; };
		6C1E2F582A06E30800C28413 /* VerticalCalendarCellView.swift */ = {isa = PBXFileReference; lastKnownFileType = sourcecode.swift; path = VerticalCalendarCellView.swift; sourceTree = "<group>"; };
		6C1E2F5A2A080EB700C28413 /* AddTaskSheet.swift */ = {isa = PBXFileReference; lastKnownFileType = sourcecode.swift; path = AddTaskSheet.swift; sourceTree = "<group>"; };
		6C1E2F5C2A08102900C28413 /* FirstResponderTextField.swift */ = {isa = PBXFileReference; lastKnownFileType = sourcecode.swift; path = FirstResponderTextField.swift; sourceTree = "<group>"; };
		6C322BC629F9DF960022CE1E /* ninja5.app */ = {isa = PBXFileReference; explicitFileType = wrapper.application; includeInIndex = 0; path = ninja5.app; sourceTree = BUILT_PRODUCTS_DIR; };
		6C322BC929F9DF960022CE1E /* ninja5App.swift */ = {isa = PBXFileReference; lastKnownFileType = sourcecode.swift; path = ninja5App.swift; sourceTree = "<group>"; };
		6C322BCB29F9DF960022CE1E /* ContentView.swift */ = {isa = PBXFileReference; lastKnownFileType = sourcecode.swift; name = ContentView.swift; path = ../ContentView.swift; sourceTree = "<group>"; };
		6C322BCD29F9DF980022CE1E /* Assets.xcassets */ = {isa = PBXFileReference; lastKnownFileType = folder.assetcatalog; path = Assets.xcassets; sourceTree = "<group>"; };
		6C322BD029F9DF980022CE1E /* Preview Assets.xcassets */ = {isa = PBXFileReference; lastKnownFileType = folder.assetcatalog; path = "Preview Assets.xcassets"; sourceTree = "<group>"; };
		6C322BDD29F9E05B0022CE1E /* HomeView.swift */ = {isa = PBXFileReference; lastKnownFileType = sourcecode.swift; path = HomeView.swift; sourceTree = "<group>"; };
		6C322BDF29F9E0810022CE1E /* DataModels.swift */ = {isa = PBXFileReference; lastKnownFileType = sourcecode.swift; path = DataModels.swift; sourceTree = "<group>"; };
		6C322BE229F9E0990022CE1E /* NinjaModel.xcdatamodel */ = {isa = PBXFileReference; lastKnownFileType = wrapper.xcdatamodel; path = NinjaModel.xcdatamodel; sourceTree = "<group>"; };
		6C64E09A29FF866E00EA9262 /* CoreDataManager.swift */ = {isa = PBXFileReference; lastKnownFileType = sourcecode.swift; path = CoreDataManager.swift; sourceTree = "<group>"; };
		6C64E09C29FF879000EA9262 /* DataManager.swift */ = {isa = PBXFileReference; lastKnownFileType = sourcecode.swift; path = DataManager.swift; sourceTree = "<group>"; };
		6C64E09F29FF8B4C00EA9262 /* CalendarHelper.swift */ = {isa = PBXFileReference; lastKnownFileType = sourcecode.swift; path = CalendarHelper.swift; sourceTree = "<group>"; };
		6C64E0A129FF8B5D00EA9262 /* MonthCalendarView.swift */ = {isa = PBXFileReference; lastKnownFileType = sourcecode.swift; path = MonthCalendarView.swift; sourceTree = "<group>"; };
		6C64E0A329FF8B8000EA9262 /* MonthCalendarCellView.swift */ = {isa = PBXFileReference; lastKnownFileType = sourcecode.swift; path = MonthCalendarCellView.swift; sourceTree = "<group>"; };
		6C64E0A529FF8BA200EA9262 /* MonthDateScrollerView.swift */ = {isa = PBXFileReference; lastKnownFileType = sourcecode.swift; path = MonthDateScrollerView.swift; sourceTree = "<group>"; };
		6C64E0A929FF8C6600EA9262 /* WeekCalendarView.swift */ = {isa = PBXFileReference; lastKnownFileType = sourcecode.swift; path = WeekCalendarView.swift; sourceTree = "<group>"; };
		6C64E0AB29FF8C8E00EA9262 /* WeekCalendarCellView.swift */ = {isa = PBXFileReference; lastKnownFileType = sourcecode.swift; path = WeekCalendarCellView.swift; sourceTree = "<group>"; };
		6C64E0AD29FF8CA600EA9262 /* TaskCreationView.swift */ = {isa = PBXFileReference; lastKnownFileType = sourcecode.swift; path = TaskCreationView.swift; sourceTree = "<group>"; };
		6C64E0B02A0229FB00EA9262 /* QRScanView.swift */ = {isa = PBXFileReference; lastKnownFileType = sourcecode.swift; path = QRScanView.swift; sourceTree = "<group>"; };
		6C64E0B22A022A8D00EA9262 /* QRScannerView.swift */ = {isa = PBXFileReference; lastKnownFileType = sourcecode.swift; path = QRScannerView.swift; sourceTree = "<group>"; };
		6C800BB72A035EC50010CA63 /* CanvasViewController.swift */ = {isa = PBXFileReference; lastKnownFileType = sourcecode.swift; path = CanvasViewController.swift; sourceTree = "<group>"; };
		6C800BB92A035EE50010CA63 /* DrawingView.swift */ = {isa = PBXFileReference; lastKnownFileType = sourcecode.swift; path = DrawingView.swift; sourceTree = "<group>"; };
		6C800BBB2A035F000010CA63 /* CanvasViewControllerRepresentable.swift */ = {isa = PBXFileReference; lastKnownFileType = sourcecode.swift; path = CanvasViewControllerRepresentable.swift; sourceTree = "<group>"; };
		6C800BBD2A035F790010CA63 /* AllNotesView.swift */ = {isa = PBXFileReference; lastKnownFileType = sourcecode.swift; path = AllNotesView.swift; sourceTree = "<group>"; };
		6C800BC12A0364340010CA63 /* AddNoteSheet.swift */ = {isa = PBXFileReference; lastKnownFileType = sourcecode.swift; path = AddNoteSheet.swift; sourceTree = "<group>"; };
		8C0F96162A06C38D0026E670 /* TaskRowView.swift */ = {isa = PBXFileReference; lastKnownFileType = sourcecode.swift; path = TaskRowView.swift; sourceTree = "<group>"; };
		8C0F96182A06C58F0026E670 /* TaskByDateView.swift */ = {isa = PBXFileReference; lastKnownFileType = sourcecode.swift; path = TaskByDateView.swift; sourceTree = "<group>"; };
		8C1127C22A08090B00137899 /* NoteRowView.swift */ = {isa = PBXFileReference; lastKnownFileType = sourcecode.swift; path = NoteRowView.swift; sourceTree = "<group>"; };
/* End PBXFileReference section */

/* Begin PBXFrameworksBuildPhase section */
		6C322BC329F9DF960022CE1E /* Frameworks */ = {
			isa = PBXFrameworksBuildPhase;
			buildActionMask = 2147483647;
			files = (
			);
			runOnlyForDeploymentPostprocessing = 0;
		};
/* End PBXFrameworksBuildPhase section */

/* Begin PBXGroup section */
		6C1E2F552A06E21D00C28413 /* VerticalCalendarViews */ = {
			isa = PBXGroup;
			children = (
				6C1E2F562A06E23400C28413 /* VerticalCalendarView.swift */,
				6C1E2F582A06E30800C28413 /* VerticalCalendarCellView.swift */,
			);
			path = VerticalCalendarViews;
			sourceTree = "<group>";
		};
		6C322BBD29F9DF960022CE1E = {
			isa = PBXGroup;
			children = (
				6C322BC829F9DF960022CE1E /* ninja5 */,
				6C322BC729F9DF960022CE1E /* Products */,
			);
			sourceTree = "<group>";
		};
		6C322BC729F9DF960022CE1E /* Products */ = {
			isa = PBXGroup;
			children = (
				6C322BC629F9DF960022CE1E /* ninja5.app */,
			);
			name = Products;
			sourceTree = "<group>";
		};
		6C322BC829F9DF960022CE1E /* ninja5 */ = {
			isa = PBXGroup;
			children = (
				6C322BC929F9DF960022CE1E /* ninja5App.swift */,
				6C322BD729F9DFAC0022CE1E /* Views */,
				6C64E0AF2A0229E700EA9262 /* QRScanViews */,
				6C322BD829F9DFB20022CE1E /* ViewControllers */,
				6C322BDA29F9DFE20022CE1E /* DataManagers */,
				6C322BD929F9DFBA0022CE1E /* Models */,
				6C322BCD29F9DF980022CE1E /* Assets.xcassets */,
				6C322BCF29F9DF980022CE1E /* Preview Content */,
			);
			path = ninja5;
			sourceTree = "<group>";
		};
		6C322BCF29F9DF980022CE1E /* Preview Content */ = {
			isa = PBXGroup;
			children = (
				6C322BD029F9DF980022CE1E /* Preview Assets.xcassets */,
			);
			path = "Preview Content";
			sourceTree = "<group>";
		};
		6C322BD729F9DFAC0022CE1E /* Views */ = {
			isa = PBXGroup;
			children = (
				6C322BCB29F9DF960022CE1E /* ContentView.swift */,
				6C1E2F532A06D18F00C28413 /* SidebarView.swift */,
				6C322BDD29F9E05B0022CE1E /* HomeView.swift */,
				6C800BBD2A035F790010CA63 /* AllNotesView.swift */,
				6C800BC12A0364340010CA63 /* AddNoteSheet.swift */,
				6C64E09E29FF8B2700EA9262 /* CalendarViews */,
				6C800BB62A035EB00010CA63 /* DrawingViews */,
				6C1E2F512A06049200C28413 /* WidgetContainerView.swift */,
				8C0F96162A06C38D0026E670 /* TaskRowView.swift */,
				8C0F96182A06C58F0026E670 /* TaskByDateView.swift */,
				8C1127C22A08090B00137899 /* NoteRowView.swift */,
				6C1E2F5A2A080EB700C28413 /* AddTaskSheet.swift */,
				6C1E2F5C2A08102900C28413 /* FirstResponderTextField.swift */,
			);
			path = Views;
			sourceTree = "<group>";
		};
		6C322BD829F9DFB20022CE1E /* ViewControllers */ = {
			isa = PBXGroup;
			children = (
				6C800BB72A035EC50010CA63 /* CanvasViewController.swift */,
			);
			path = ViewControllers;
			sourceTree = "<group>";
		};
		6C322BD929F9DFBA0022CE1E /* Models */ = {
			isa = PBXGroup;
			children = (
				6C322BE129F9E0990022CE1E /* NinjaModel.xcdatamodeld */,
				6C322BDF29F9E0810022CE1E /* DataModels.swift */,
			);
			path = Models;
			sourceTree = "<group>";
		};
		6C322BDA29F9DFE20022CE1E /* DataManagers */ = {
			isa = PBXGroup;
			children = (
				6C64E09A29FF866E00EA9262 /* CoreDataManager.swift */,
				6C64E09C29FF879000EA9262 /* DataManager.swift */,
			);
			path = DataManagers;
			sourceTree = "<group>";
		};
		6C64E09E29FF8B2700EA9262 /* CalendarViews */ = {
			isa = PBXGroup;
			children = (
				6C64E09F29FF8B4C00EA9262 /* CalendarHelper.swift */,
				6C64E0AD29FF8CA600EA9262 /* TaskCreationView.swift */,
				6C64E0A729FF8C4600EA9262 /* MonthCalendarViews */,
				6C64E0A829FF8C5600EA9262 /* WeekCalendarViews */,
				6C1E2F552A06E21D00C28413 /* VerticalCalendarViews */,
			);
			path = CalendarViews;
			sourceTree = "<group>";
		};
		6C64E0A729FF8C4600EA9262 /* MonthCalendarViews */ = {
			isa = PBXGroup;
			children = (
				6C64E0A129FF8B5D00EA9262 /* MonthCalendarView.swift */,
				6C64E0A329FF8B8000EA9262 /* MonthCalendarCellView.swift */,
				6C64E0A529FF8BA200EA9262 /* MonthDateScrollerView.swift */,
			);
			path = MonthCalendarViews;
			sourceTree = "<group>";
		};
		6C64E0A829FF8C5600EA9262 /* WeekCalendarViews */ = {
			isa = PBXGroup;
			children = (
				6C64E0A929FF8C6600EA9262 /* WeekCalendarView.swift */,
				6C64E0AB29FF8C8E00EA9262 /* WeekCalendarCellView.swift */,
			);
			path = WeekCalendarViews;
			sourceTree = "<group>";
		};
		6C64E0AF2A0229E700EA9262 /* QRScanViews */ = {
			isa = PBXGroup;
			children = (
				6C64E0B02A0229FB00EA9262 /* QRScanView.swift */,
				6C64E0B22A022A8D00EA9262 /* QRScannerView.swift */,
			);
			path = QRScanViews;
			sourceTree = "<group>";
		};
		6C800BB62A035EB00010CA63 /* DrawingViews */ = {
			isa = PBXGroup;
			children = (
				6C800BB92A035EE50010CA63 /* DrawingView.swift */,
				6C800BBB2A035F000010CA63 /* CanvasViewControllerRepresentable.swift */,
			);
			path = DrawingViews;
			sourceTree = "<group>";
		};
/* End PBXGroup section */

/* Begin PBXNativeTarget section */
		6C322BC529F9DF960022CE1E /* ninja5 */ = {
			isa = PBXNativeTarget;
			buildConfigurationList = 6C322BD429F9DF980022CE1E /* Build configuration list for PBXNativeTarget "ninja5" */;
			buildPhases = (
				6C322BC229F9DF960022CE1E /* Sources */,
				6C322BC329F9DF960022CE1E /* Frameworks */,
				6C322BC429F9DF960022CE1E /* Resources */,
			);
			buildRules = (
			);
			dependencies = (
			);
			name = ninja5;
			productName = ninja5;
			productReference = 6C322BC629F9DF960022CE1E /* ninja5.app */;
			productType = "com.apple.product-type.application";
		};
/* End PBXNativeTarget section */

/* Begin PBXProject section */
		6C322BBE29F9DF960022CE1E /* Project object */ = {
			isa = PBXProject;
			attributes = {
				BuildIndependentTargetsInParallel = 1;
				LastSwiftUpdateCheck = 1430;
				LastUpgradeCheck = 1430;
				TargetAttributes = {
					6C322BC529F9DF960022CE1E = {
						CreatedOnToolsVersion = 14.3;
					};
				};
			};
			buildConfigurationList = 6C322BC129F9DF960022CE1E /* Build configuration list for PBXProject "ninja5" */;
			compatibilityVersion = "Xcode 14.0";
			developmentRegion = en;
			hasScannedForEncodings = 0;
			knownRegions = (
				en,
				Base,
			);
			mainGroup = 6C322BBD29F9DF960022CE1E;
			productRefGroup = 6C322BC729F9DF960022CE1E /* Products */;
			projectDirPath = "";
			projectRoot = "";
			targets = (
				6C322BC529F9DF960022CE1E /* ninja5 */,
			);
		};
/* End PBXProject section */

/* Begin PBXResourcesBuildPhase section */
		6C322BC429F9DF960022CE1E /* Resources */ = {
			isa = PBXResourcesBuildPhase;
			buildActionMask = 2147483647;
			files = (
				6C322BD129F9DF980022CE1E /* Preview Assets.xcassets in Resources */,
				6C322BCE29F9DF980022CE1E /* Assets.xcassets in Resources */,
			);
			runOnlyForDeploymentPostprocessing = 0;
		};
/* End PBXResourcesBuildPhase section */

/* Begin PBXSourcesBuildPhase section */
		6C322BC229F9DF960022CE1E /* Sources */ = {
			isa = PBXSourcesBuildPhase;
			buildActionMask = 2147483647;
			files = (
				6C64E09B29FF866E00EA9262 /* CoreDataManager.swift in Sources */,
				6C64E0A429FF8B8000EA9262 /* MonthCalendarCellView.swift in Sources */,
				6C800BBE2A035F790010CA63 /* AllNotesView.swift in Sources */,
				6C1E2F522A06049200C28413 /* WidgetContainerView.swift in Sources */,
				6C1E2F5B2A080EB700C28413 /* AddTaskSheet.swift in Sources */,
				6C800BB82A035EC50010CA63 /* CanvasViewController.swift in Sources */,
				8C0F96192A06C58F0026E670 /* TaskByDateView.swift in Sources */,
				6C64E0AE29FF8CA600EA9262 /* TaskCreationView.swift in Sources */,
				6C800BBC2A035F000010CA63 /* CanvasViewControllerRepresentable.swift in Sources */,
				6C64E0AA29FF8C6600EA9262 /* WeekCalendarView.swift in Sources */,
				6C64E0AC29FF8C8E00EA9262 /* WeekCalendarCellView.swift in Sources */,
				6C64E0A229FF8B5D00EA9262 /* MonthCalendarView.swift in Sources */,
				8C0F96172A06C38D0026E670 /* TaskRowView.swift in Sources */,
				6C1E2F5D2A08102900C28413 /* FirstResponderTextField.swift in Sources */,
				6C64E0B32A022A8D00EA9262 /* QRScannerView.swift in Sources */,
				6C64E0A029FF8B4C00EA9262 /* CalendarHelper.swift in Sources */,
				6C800BC22A0364340010CA63 /* AddNoteSheet.swift in Sources */,
				6C322BDE29F9E05B0022CE1E /* HomeView.swift in Sources */,
				6C1E2F592A06E30800C28413 /* VerticalCalendarCellView.swift in Sources */,
				6C322BE029F9E0810022CE1E /* DataModels.swift in Sources */,
				8C1127C32A08090B00137899 /* NoteRowView.swift in Sources */,
				6C64E09D29FF879000EA9262 /* DataManager.swift in Sources */,
				6C1E2F542A06D18F00C28413 /* SidebarView.swift in Sources */,
				6C64E0B12A0229FB00EA9262 /* QRScanView.swift in Sources */,
				6C322BCC29F9DF960022CE1E /* ContentView.swift in Sources */,
				6C1E2F572A06E23400C28413 /* VerticalCalendarView.swift in Sources */,
				6C322BE329F9E0990022CE1E /* NinjaModel.xcdatamodeld in Sources */,
				6C800BBA2A035EE50010CA63 /* DrawingView.swift in Sources */,
				6C64E0A629FF8BA200EA9262 /* MonthDateScrollerView.swift in Sources */,
				6C322BCA29F9DF960022CE1E /* ninja5App.swift in Sources */,
			);
			runOnlyForDeploymentPostprocessing = 0;
		};
/* End PBXSourcesBuildPhase section */

/* Begin XCBuildConfiguration section */
		6C322BD229F9DF980022CE1E /* Debug */ = {
			isa = XCBuildConfiguration;
			buildSettings = {
				ALWAYS_SEARCH_USER_PATHS = NO;
				CLANG_ANALYZER_NONNULL = YES;
				CLANG_ANALYZER_NUMBER_OBJECT_CONVERSION = YES_AGGRESSIVE;
				CLANG_CXX_LANGUAGE_STANDARD = "gnu++20";
				CLANG_ENABLE_MODULES = YES;
				CLANG_ENABLE_OBJC_ARC = YES;
				CLANG_ENABLE_OBJC_WEAK = YES;
				CLANG_WARN_BLOCK_CAPTURE_AUTORELEASING = YES;
				CLANG_WARN_BOOL_CONVERSION = YES;
				CLANG_WARN_COMMA = YES;
				CLANG_WARN_CONSTANT_CONVERSION = YES;
				CLANG_WARN_DEPRECATED_OBJC_IMPLEMENTATIONS = YES;
				CLANG_WARN_DIRECT_OBJC_ISA_USAGE = YES_ERROR;
				CLANG_WARN_DOCUMENTATION_COMMENTS = YES;
				CLANG_WARN_EMPTY_BODY = YES;
				CLANG_WARN_ENUM_CONVERSION = YES;
				CLANG_WARN_INFINITE_RECURSION = YES;
				CLANG_WARN_INT_CONVERSION = YES;
				CLANG_WARN_NON_LITERAL_NULL_CONVERSION = YES;
				CLANG_WARN_OBJC_IMPLICIT_RETAIN_SELF = YES;
				CLANG_WARN_OBJC_LITERAL_CONVERSION = YES;
				CLANG_WARN_OBJC_ROOT_CLASS = YES_ERROR;
				CLANG_WARN_QUOTED_INCLUDE_IN_FRAMEWORK_HEADER = YES;
				CLANG_WARN_RANGE_LOOP_ANALYSIS = YES;
				CLANG_WARN_STRICT_PROTOTYPES = YES;
				CLANG_WARN_SUSPICIOUS_MOVE = YES;
				CLANG_WARN_UNGUARDED_AVAILABILITY = YES_AGGRESSIVE;
				CLANG_WARN_UNREACHABLE_CODE = YES;
				CLANG_WARN__DUPLICATE_METHOD_MATCH = YES;
				COPY_PHASE_STRIP = NO;
				DEBUG_INFORMATION_FORMAT = dwarf;
				ENABLE_STRICT_OBJC_MSGSEND = YES;
				ENABLE_TESTABILITY = YES;
				GCC_C_LANGUAGE_STANDARD = gnu11;
				GCC_DYNAMIC_NO_PIC = NO;
				GCC_NO_COMMON_BLOCKS = YES;
				GCC_OPTIMIZATION_LEVEL = 0;
				GCC_PREPROCESSOR_DEFINITIONS = (
					"DEBUG=1",
					"$(inherited)",
				);
				GCC_WARN_64_TO_32_BIT_CONVERSION = YES;
				GCC_WARN_ABOUT_RETURN_TYPE = YES_ERROR;
				GCC_WARN_UNDECLARED_SELECTOR = YES;
				GCC_WARN_UNINITIALIZED_AUTOS = YES_AGGRESSIVE;
				GCC_WARN_UNUSED_FUNCTION = YES;
				GCC_WARN_UNUSED_VARIABLE = YES;
				IPHONEOS_DEPLOYMENT_TARGET = 16.4;
				MTL_ENABLE_DEBUG_INFO = INCLUDE_SOURCE;
				MTL_FAST_MATH = YES;
				ONLY_ACTIVE_ARCH = YES;
				SDKROOT = iphoneos;
				SWIFT_ACTIVE_COMPILATION_CONDITIONS = DEBUG;
				SWIFT_OPTIMIZATION_LEVEL = "-Onone";
			};
			name = Debug;
		};
		6C322BD329F9DF980022CE1E /* Release */ = {
			isa = XCBuildConfiguration;
			buildSettings = {
				ALWAYS_SEARCH_USER_PATHS = NO;
				CLANG_ANALYZER_NONNULL = YES;
				CLANG_ANALYZER_NUMBER_OBJECT_CONVERSION = YES_AGGRESSIVE;
				CLANG_CXX_LANGUAGE_STANDARD = "gnu++20";
				CLANG_ENABLE_MODULES = YES;
				CLANG_ENABLE_OBJC_ARC = YES;
				CLANG_ENABLE_OBJC_WEAK = YES;
				CLANG_WARN_BLOCK_CAPTURE_AUTORELEASING = YES;
				CLANG_WARN_BOOL_CONVERSION = YES;
				CLANG_WARN_COMMA = YES;
				CLANG_WARN_CONSTANT_CONVERSION = YES;
				CLANG_WARN_DEPRECATED_OBJC_IMPLEMENTATIONS = YES;
				CLANG_WARN_DIRECT_OBJC_ISA_USAGE = YES_ERROR;
				CLANG_WARN_DOCUMENTATION_COMMENTS = YES;
				CLANG_WARN_EMPTY_BODY = YES;
				CLANG_WARN_ENUM_CONVERSION = YES;
				CLANG_WARN_INFINITE_RECURSION = YES;
				CLANG_WARN_INT_CONVERSION = YES;
				CLANG_WARN_NON_LITERAL_NULL_CONVERSION = YES;
				CLANG_WARN_OBJC_IMPLICIT_RETAIN_SELF = YES;
				CLANG_WARN_OBJC_LITERAL_CONVERSION = YES;
				CLANG_WARN_OBJC_ROOT_CLASS = YES_ERROR;
				CLANG_WARN_QUOTED_INCLUDE_IN_FRAMEWORK_HEADER = YES;
				CLANG_WARN_RANGE_LOOP_ANALYSIS = YES;
				CLANG_WARN_STRICT_PROTOTYPES = YES;
				CLANG_WARN_SUSPICIOUS_MOVE = YES;
				CLANG_WARN_UNGUARDED_AVAILABILITY = YES_AGGRESSIVE;
				CLANG_WARN_UNREACHABLE_CODE = YES;
				CLANG_WARN__DUPLICATE_METHOD_MATCH = YES;
				COPY_PHASE_STRIP = NO;
				DEBUG_INFORMATION_FORMAT = "dwarf-with-dsym";
				ENABLE_NS_ASSERTIONS = NO;
				ENABLE_STRICT_OBJC_MSGSEND = YES;
				GCC_C_LANGUAGE_STANDARD = gnu11;
				GCC_NO_COMMON_BLOCKS = YES;
				GCC_WARN_64_TO_32_BIT_CONVERSION = YES;
				GCC_WARN_ABOUT_RETURN_TYPE = YES_ERROR;
				GCC_WARN_UNDECLARED_SELECTOR = YES;
				GCC_WARN_UNINITIALIZED_AUTOS = YES_AGGRESSIVE;
				GCC_WARN_UNUSED_FUNCTION = YES;
				GCC_WARN_UNUSED_VARIABLE = YES;
				IPHONEOS_DEPLOYMENT_TARGET = 16.4;
				MTL_ENABLE_DEBUG_INFO = NO;
				MTL_FAST_MATH = YES;
				SDKROOT = iphoneos;
				SWIFT_COMPILATION_MODE = wholemodule;
				SWIFT_OPTIMIZATION_LEVEL = "-O";
				VALIDATE_PRODUCT = YES;
			};
			name = Release;
		};
		6C322BD529F9DF980022CE1E /* Debug */ = {
			isa = XCBuildConfiguration;
			buildSettings = {
				ASSETCATALOG_COMPILER_APPICON_NAME = AppIcon;
				ASSETCATALOG_COMPILER_GLOBAL_ACCENT_COLOR_NAME = AccentColor;
				CODE_SIGN_STYLE = Automatic;
				CURRENT_PROJECT_VERSION = 1;
				DEVELOPMENT_ASSET_PATHS = "\"ninja5/Preview Content\"";
				DEVELOPMENT_TEAM = KAN7CPJNZ3;
				ENABLE_PREVIEWS = YES;
				GENERATE_INFOPLIST_FILE = YES;
				INFOPLIST_KEY_NSCameraUsageDescription = "";
				INFOPLIST_KEY_UIApplicationSceneManifest_Generation = YES;
				INFOPLIST_KEY_UIApplicationSupportsIndirectInputEvents = YES;
				INFOPLIST_KEY_UILaunchScreen_Generation = YES;
				INFOPLIST_KEY_UISupportedInterfaceOrientations_iPad = "UIInterfaceOrientationPortrait UIInterfaceOrientationPortraitUpsideDown UIInterfaceOrientationLandscapeLeft UIInterfaceOrientationLandscapeRight";
				INFOPLIST_KEY_UISupportedInterfaceOrientations_iPhone = "UIInterfaceOrientationPortrait UIInterfaceOrientationLandscapeLeft UIInterfaceOrientationLandscapeRight";
				IPHONEOS_DEPLOYMENT_TARGET = 16.1;
				LD_RUNPATH_SEARCH_PATHS = (
					"$(inherited)",
					"@executable_path/Frameworks",
				);
				MARKETING_VERSION = 1.0;
				PRODUCT_BUNDLE_IDENTIFIER = lulug.ninja5;
				PRODUCT_NAME = "$(TARGET_NAME)";
				SWIFT_EMIT_LOC_STRINGS = YES;
				SWIFT_VERSION = 5.0;
				TARGETED_DEVICE_FAMILY = "1,2";
			};
			name = Debug;
		};
		6C322BD629F9DF980022CE1E /* Release */ = {
			isa = XCBuildConfiguration;
			buildSettings = {
				ASSETCATALOG_COMPILER_APPICON_NAME = AppIcon;
				ASSETCATALOG_COMPILER_GLOBAL_ACCENT_COLOR_NAME = AccentColor;
				CODE_SIGN_STYLE = Automatic;
				CURRENT_PROJECT_VERSION = 1;
				DEVELOPMENT_ASSET_PATHS = "\"ninja5/Preview Content\"";
				DEVELOPMENT_TEAM = KAN7CPJNZ3;
				ENABLE_PREVIEWS = YES;
				GENERATE_INFOPLIST_FILE = YES;
				INFOPLIST_KEY_NSCameraUsageDescription = "";
				INFOPLIST_KEY_UIApplicationSceneManifest_Generation = YES;
				INFOPLIST_KEY_UIApplicationSupportsIndirectInputEvents = YES;
				INFOPLIST_KEY_UILaunchScreen_Generation = YES;
				INFOPLIST_KEY_UISupportedInterfaceOrientations_iPad = "UIInterfaceOrientationPortrait UIInterfaceOrientationPortraitUpsideDown UIInterfaceOrientationLandscapeLeft UIInterfaceOrientationLandscapeRight";
				INFOPLIST_KEY_UISupportedInterfaceOrientations_iPhone = "UIInterfaceOrientationPortrait UIInterfaceOrientationLandscapeLeft UIInterfaceOrientationLandscapeRight";
				IPHONEOS_DEPLOYMENT_TARGET = 16.1;
				LD_RUNPATH_SEARCH_PATHS = (
					"$(inherited)",
					"@executable_path/Frameworks",
				);
				MARKETING_VERSION = 1.0;
				PRODUCT_BUNDLE_IDENTIFIER = lulug.ninja5;
				PRODUCT_NAME = "$(TARGET_NAME)";
				SWIFT_EMIT_LOC_STRINGS = YES;
				SWIFT_VERSION = 5.0;
				TARGETED_DEVICE_FAMILY = "1,2";
			};
			name = Release;
		};
/* End XCBuildConfiguration section */

/* Begin XCConfigurationList section */
		6C322BC129F9DF960022CE1E /* Build configuration list for PBXProject "ninja5" */ = {
			isa = XCConfigurationList;
			buildConfigurations = (
				6C322BD229F9DF980022CE1E /* Debug */,
				6C322BD329F9DF980022CE1E /* Release */,
			);
			defaultConfigurationIsVisible = 0;
			defaultConfigurationName = Release;
		};
		6C322BD429F9DF980022CE1E /* Build configuration list for PBXNativeTarget "ninja5" */ = {
			isa = XCConfigurationList;
			buildConfigurations = (
				6C322BD529F9DF980022CE1E /* Debug */,
				6C322BD629F9DF980022CE1E /* Release */,
			);
			defaultConfigurationIsVisible = 0;
			defaultConfigurationName = Release;
		};
/* End XCConfigurationList section */

/* Begin XCVersionGroup section */
		6C322BE129F9E0990022CE1E /* NinjaModel.xcdatamodeld */ = {
			isa = XCVersionGroup;
			children = (
				6C322BE229F9E0990022CE1E /* NinjaModel.xcdatamodel */,
			);
			currentVersion = 6C322BE229F9E0990022CE1E /* NinjaModel.xcdatamodel */;
			path = NinjaModel.xcdatamodeld;
			sourceTree = "<group>";
			versionGroupType = wrapper.xcdatamodel;
		};
/* End XCVersionGroup section */
	};
	rootObject = 6C322BBE29F9DF960022CE1E /* Project object */;
}
